// !$*UTF8*$!
{
	archiveVersion = 1;
	classes = {
	};
	objectVersion = 55;
	objects = {

/* Begin PBXBuildFile section */
		12CF472E42AC374CA72A4087 /* Pods_GitProfiles.framework in Frameworks */ = {isa = PBXBuildFile; fileRef = 2B78BDDEB2D8D609A718F6E3 /* Pods_GitProfiles.framework */; };
		57DAA4D6597379968703D3ED /* Pods_GitProfiles_GitProfilesUITests.framework in Frameworks */ = {isa = PBXBuildFile; fileRef = 4CB8FC2F77CD59E40BB48623 /* Pods_GitProfiles_GitProfilesUITests.framework */; };
		8256E74AECFC7D3B87D8CA8E /* Pods_GitProfilesTests.framework in Frameworks */ = {isa = PBXBuildFile; fileRef = 2FC67C9FA79AE41D312F8B67 /* Pods_GitProfilesTests.framework */; };
		EC7DFCD228D187A30032A7B0 /* AppDelegate.swift in Sources */ = {isa = PBXBuildFile; fileRef = EC7DFCD128D187A30032A7B0 /* AppDelegate.swift */; };
		EC7DFCD428D187A30032A7B0 /* SceneDelegate.swift in Sources */ = {isa = PBXBuildFile; fileRef = EC7DFCD328D187A30032A7B0 /* SceneDelegate.swift */; };
		EC7DFCD928D187A30032A7B0 /* Main.storyboard in Resources */ = {isa = PBXBuildFile; fileRef = EC7DFCD728D187A30032A7B0 /* Main.storyboard */; };
		EC7DFCDC28D187A30032A7B0 /* GitProfiles.xcdatamodeld in Sources */ = {isa = PBXBuildFile; fileRef = EC7DFCDA28D187A30032A7B0 /* GitProfiles.xcdatamodeld */; };
		EC7DFCDE28D187A50032A7B0 /* Assets.xcassets in Resources */ = {isa = PBXBuildFile; fileRef = EC7DFCDD28D187A50032A7B0 /* Assets.xcassets */; };
		EC7DFCE128D187A50032A7B0 /* LaunchScreen.storyboard in Resources */ = {isa = PBXBuildFile; fileRef = EC7DFCDF28D187A50032A7B0 /* LaunchScreen.storyboard */; };
		EC7DFCEC28D187A50032A7B0 /* GitProfilesTests.swift in Sources */ = {isa = PBXBuildFile; fileRef = EC7DFCEB28D187A50032A7B0 /* GitProfilesTests.swift */; };
		EC7DFCF628D187A50032A7B0 /* GitProfilesUITests.swift in Sources */ = {isa = PBXBuildFile; fileRef = EC7DFCF528D187A50032A7B0 /* GitProfilesUITests.swift */; };
		EC7DFCF828D187A50032A7B0 /* GitProfilesUITestsLaunchTests.swift in Sources */ = {isa = PBXBuildFile; fileRef = EC7DFCF728D187A50032A7B0 /* GitProfilesUITestsLaunchTests.swift */; };
		EC7DFD0A28D18A470032A7B0 /* UIViewExtensions.swift in Sources */ = {isa = PBXBuildFile; fileRef = EC7DFD0928D18A470032A7B0 /* UIViewExtensions.swift */; };
		EC7DFD0C28D18AC90032A7B0 /* HomeViewController.swift in Sources */ = {isa = PBXBuildFile; fileRef = EC7DFD0B28D18AC90032A7B0 /* HomeViewController.swift */; };
		EC7DFD1028D18C170032A7B0 /* HomeTableViewCell.swift in Sources */ = {isa = PBXBuildFile; fileRef = EC7DFD0E28D18C170032A7B0 /* HomeTableViewCell.swift */; };
		EC7DFD1528D1994C0032A7B0 /* FollowingUserListViewController.swift in Sources */ = {isa = PBXBuildFile; fileRef = EC7DFD1428D1994C0032A7B0 /* FollowingUserListViewController.swift */; };
		EC7DFD1728D1995D0032A7B0 /* FollowersListViewController.swift in Sources */ = {isa = PBXBuildFile; fileRef = EC7DFD1628D1995D0032A7B0 /* FollowersListViewController.swift */; };
		EC7DFD1928D19CA50032A7B0 /* ProfileViewController.swift in Sources */ = {isa = PBXBuildFile; fileRef = EC7DFD1828D19CA50032A7B0 /* ProfileViewController.swift */; };
		EC7DFD1B28D19D500032A7B0 /* UserListTableViewCell.swift in Sources */ = {isa = PBXBuildFile; fileRef = EC7DFD1A28D19D500032A7B0 /* UserListTableViewCell.swift */; };
		EC7DFD1D28D1A89F0032A7B0 /* Constants.swift in Sources */ = {isa = PBXBuildFile; fileRef = EC7DFD1C28D1A89F0032A7B0 /* Constants.swift */; };
		EC7DFD1F28D1A9320032A7B0 /* CommonUtils.swift in Sources */ = {isa = PBXBuildFile; fileRef = EC7DFD1E28D1A9320032A7B0 /* CommonUtils.swift */; };
		EC7DFD2228D1AB7D0032A7B0 /* NetworkManager.swift in Sources */ = {isa = PBXBuildFile; fileRef = EC7DFD2128D1AB7D0032A7B0 /* NetworkManager.swift */; };
		EC7DFD2628D1ADC10032A7B0 /* UserViewModel.swift in Sources */ = {isa = PBXBuildFile; fileRef = EC7DFD2528D1ADC10032A7B0 /* UserViewModel.swift */; };
		EC7DFD2828D1ADD30032A7B0 /* User.swift in Sources */ = {isa = PBXBuildFile; fileRef = EC7DFD2728D1ADD30032A7B0 /* User.swift */; };
		EC7DFD2C28D283110032A7B0 /* URLEndpoint.swift in Sources */ = {isa = PBXBuildFile; fileRef = EC7DFD2B28D283110032A7B0 /* URLEndpoint.swift */; };
		EC7DFD2E28D28F8B0032A7B0 /* UserType.swift in Sources */ = {isa = PBXBuildFile; fileRef = EC7DFD2D28D28F8B0032A7B0 /* UserType.swift */; };
		EC7DFD3028D2B3FC0032A7B0 /* ProfileCell.swift in Sources */ = {isa = PBXBuildFile; fileRef = EC7DFD2F28D2B3FC0032A7B0 /* ProfileCell.swift */; };
/* End PBXBuildFile section */

/* Begin PBXContainerItemProxy section */
		EC7DFCE828D187A50032A7B0 /* PBXContainerItemProxy */ = {
			isa = PBXContainerItemProxy;
			containerPortal = EC7DFCC628D187A30032A7B0 /* Project object */;
			proxyType = 1;
			remoteGlobalIDString = EC7DFCCD28D187A30032A7B0;
			remoteInfo = GitProfiles;
		};
		EC7DFCF228D187A50032A7B0 /* PBXContainerItemProxy */ = {
			isa = PBXContainerItemProxy;
			containerPortal = EC7DFCC628D187A30032A7B0 /* Project object */;
			proxyType = 1;
			remoteGlobalIDString = EC7DFCCD28D187A30032A7B0;
			remoteInfo = GitProfiles;
		};
/* End PBXContainerItemProxy section */

/* Begin PBXFileReference section */
		02EDE5AF528D0724C3C83593 /* Pods-GitProfiles-GitProfilesUITests.release.xcconfig */ = {isa = PBXFileReference; includeInIndex = 1; lastKnownFileType = text.xcconfig; name = "Pods-GitProfiles-GitProfilesUITests.release.xcconfig"; path = "Target Support Files/Pods-GitProfiles-GitProfilesUITests/Pods-GitProfiles-GitProfilesUITests.release.xcconfig"; sourceTree = "<group>"; };
		0CB7F277334870B7297A98C2 /* Pods-GitProfiles-GitProfilesUITests.debug.xcconfig */ = {isa = PBXFileReference; includeInIndex = 1; lastKnownFileType = text.xcconfig; name = "Pods-GitProfiles-GitProfilesUITests.debug.xcconfig"; path = "Target Support Files/Pods-GitProfiles-GitProfilesUITests/Pods-GitProfiles-GitProfilesUITests.debug.xcconfig"; sourceTree = "<group>"; };
		11DCB45D2E1A82E7EF68C286 /* Pods-GitProfiles.release.xcconfig */ = {isa = PBXFileReference; includeInIndex = 1; lastKnownFileType = text.xcconfig; name = "Pods-GitProfiles.release.xcconfig"; path = "Target Support Files/Pods-GitProfiles/Pods-GitProfiles.release.xcconfig"; sourceTree = "<group>"; };
		2B78BDDEB2D8D609A718F6E3 /* Pods_GitProfiles.framework */ = {isa = PBXFileReference; explicitFileType = wrapper.framework; includeInIndex = 0; path = Pods_GitProfiles.framework; sourceTree = BUILT_PRODUCTS_DIR; };
		2FC67C9FA79AE41D312F8B67 /* Pods_GitProfilesTests.framework */ = {isa = PBXFileReference; explicitFileType = wrapper.framework; includeInIndex = 0; path = Pods_GitProfilesTests.framework; sourceTree = BUILT_PRODUCTS_DIR; };
		4CB8FC2F77CD59E40BB48623 /* Pods_GitProfiles_GitProfilesUITests.framework */ = {isa = PBXFileReference; explicitFileType = wrapper.framework; includeInIndex = 0; path = Pods_GitProfiles_GitProfilesUITests.framework; sourceTree = BUILT_PRODUCTS_DIR; };
		64196A3E4DCB0D2119BD90FE /* Pods-GitProfiles.debug.xcconfig */ = {isa = PBXFileReference; includeInIndex = 1; lastKnownFileType = text.xcconfig; name = "Pods-GitProfiles.debug.xcconfig"; path = "Target Support Files/Pods-GitProfiles/Pods-GitProfiles.debug.xcconfig"; sourceTree = "<group>"; };
		A061167B01B66A9CC1E52647 /* Pods-GitProfilesTests.debug.xcconfig */ = {isa = PBXFileReference; includeInIndex = 1; lastKnownFileType = text.xcconfig; name = "Pods-GitProfilesTests.debug.xcconfig"; path = "Target Support Files/Pods-GitProfilesTests/Pods-GitProfilesTests.debug.xcconfig"; sourceTree = "<group>"; };
		ABC2FD32711292F213472D0F /* Pods-GitProfilesTests.release.xcconfig */ = {isa = PBXFileReference; includeInIndex = 1; lastKnownFileType = text.xcconfig; name = "Pods-GitProfilesTests.release.xcconfig"; path = "Target Support Files/Pods-GitProfilesTests/Pods-GitProfilesTests.release.xcconfig"; sourceTree = "<group>"; };
		EC7DFCCE28D187A30032A7B0 /* GitProfiles.app */ = {isa = PBXFileReference; explicitFileType = wrapper.application; includeInIndex = 0; path = GitProfiles.app; sourceTree = BUILT_PRODUCTS_DIR; };
		EC7DFCD128D187A30032A7B0 /* AppDelegate.swift */ = {isa = PBXFileReference; lastKnownFileType = sourcecode.swift; path = AppDelegate.swift; sourceTree = "<group>"; };
		EC7DFCD328D187A30032A7B0 /* SceneDelegate.swift */ = {isa = PBXFileReference; lastKnownFileType = sourcecode.swift; path = SceneDelegate.swift; sourceTree = "<group>"; };
		EC7DFCD828D187A30032A7B0 /* Base */ = {isa = PBXFileReference; lastKnownFileType = file.storyboard; name = Base; path = Base.lproj/Main.storyboard; sourceTree = "<group>"; };
		EC7DFCDB28D187A30032A7B0 /* GitProfiles.xcdatamodel */ = {isa = PBXFileReference; lastKnownFileType = wrapper.xcdatamodel; path = GitProfiles.xcdatamodel; sourceTree = "<group>"; };
		EC7DFCDD28D187A50032A7B0 /* Assets.xcassets */ = {isa = PBXFileReference; lastKnownFileType = folder.assetcatalog; path = Assets.xcassets; sourceTree = "<group>"; };
		EC7DFCE028D187A50032A7B0 /* Base */ = {isa = PBXFileReference; lastKnownFileType = file.storyboard; name = Base; path = Base.lproj/LaunchScreen.storyboard; sourceTree = "<group>"; };
		EC7DFCE228D187A50032A7B0 /* Info.plist */ = {isa = PBXFileReference; lastKnownFileType = text.plist.xml; path = Info.plist; sourceTree = "<group>"; };
		EC7DFCE728D187A50032A7B0 /* GitProfilesTests.xctest */ = {isa = PBXFileReference; explicitFileType = wrapper.cfbundle; includeInIndex = 0; path = GitProfilesTests.xctest; sourceTree = BUILT_PRODUCTS_DIR; };
		EC7DFCEB28D187A50032A7B0 /* GitProfilesTests.swift */ = {isa = PBXFileReference; lastKnownFileType = sourcecode.swift; path = GitProfilesTests.swift; sourceTree = "<group>"; };
		EC7DFCF128D187A50032A7B0 /* GitProfilesUITests.xctest */ = {isa = PBXFileReference; explicitFileType = wrapper.cfbundle; includeInIndex = 0; path = GitProfilesUITests.xctest; sourceTree = BUILT_PRODUCTS_DIR; };
		EC7DFCF528D187A50032A7B0 /* GitProfilesUITests.swift */ = {isa = PBXFileReference; lastKnownFileType = sourcecode.swift; path = GitProfilesUITests.swift; sourceTree = "<group>"; };
		EC7DFCF728D187A50032A7B0 /* GitProfilesUITestsLaunchTests.swift */ = {isa = PBXFileReference; lastKnownFileType = sourcecode.swift; path = GitProfilesUITestsLaunchTests.swift; sourceTree = "<group>"; };
		EC7DFD0928D18A470032A7B0 /* UIViewExtensions.swift */ = {isa = PBXFileReference; lastKnownFileType = sourcecode.swift; path = UIViewExtensions.swift; sourceTree = "<group>"; };
		EC7DFD0B28D18AC90032A7B0 /* HomeViewController.swift */ = {isa = PBXFileReference; lastKnownFileType = sourcecode.swift; path = HomeViewController.swift; sourceTree = "<group>"; };
		EC7DFD0E28D18C170032A7B0 /* HomeTableViewCell.swift */ = {isa = PBXFileReference; lastKnownFileType = sourcecode.swift; path = HomeTableViewCell.swift; sourceTree = "<group>"; };
		EC7DFD1428D1994C0032A7B0 /* FollowingUserListViewController.swift */ = {isa = PBXFileReference; lastKnownFileType = sourcecode.swift; path = FollowingUserListViewController.swift; sourceTree = "<group>"; };
		EC7DFD1628D1995D0032A7B0 /* FollowersListViewController.swift */ = {isa = PBXFileReference; lastKnownFileType = sourcecode.swift; path = FollowersListViewController.swift; sourceTree = "<group>"; };
		EC7DFD1828D19CA50032A7B0 /* ProfileViewController.swift */ = {isa = PBXFileReference; lastKnownFileType = sourcecode.swift; path = ProfileViewController.swift; sourceTree = "<group>"; };
		EC7DFD1A28D19D500032A7B0 /* UserListTableViewCell.swift */ = {isa = PBXFileReference; lastKnownFileType = sourcecode.swift; path = UserListTableViewCell.swift; sourceTree = "<group>"; };
		EC7DFD1C28D1A89F0032A7B0 /* Constants.swift */ = {isa = PBXFileReference; lastKnownFileType = sourcecode.swift; path = Constants.swift; sourceTree = "<group>"; };
		EC7DFD1E28D1A9320032A7B0 /* CommonUtils.swift */ = {isa = PBXFileReference; lastKnownFileType = sourcecode.swift; path = CommonUtils.swift; sourceTree = "<group>"; };
		EC7DFD2128D1AB7D0032A7B0 /* NetworkManager.swift */ = {isa = PBXFileReference; lastKnownFileType = sourcecode.swift; path = NetworkManager.swift; sourceTree = "<group>"; };
		EC7DFD2528D1ADC10032A7B0 /* UserViewModel.swift */ = {isa = PBXFileReference; lastKnownFileType = sourcecode.swift; path = UserViewModel.swift; sourceTree = "<group>"; };
		EC7DFD2728D1ADD30032A7B0 /* User.swift */ = {isa = PBXFileReference; lastKnownFileType = sourcecode.swift; path = User.swift; sourceTree = "<group>"; };
		EC7DFD2B28D283110032A7B0 /* URLEndpoint.swift */ = {isa = PBXFileReference; lastKnownFileType = sourcecode.swift; path = URLEndpoint.swift; sourceTree = "<group>"; };
		EC7DFD2D28D28F8B0032A7B0 /* UserType.swift */ = {isa = PBXFileReference; lastKnownFileType = sourcecode.swift; path = UserType.swift; sourceTree = "<group>"; };
		EC7DFD2F28D2B3FC0032A7B0 /* ProfileCell.swift */ = {isa = PBXFileReference; lastKnownFileType = sourcecode.swift; path = ProfileCell.swift; sourceTree = "<group>"; };
/* End PBXFileReference section */

/* Begin PBXFrameworksBuildPhase section */
		EC7DFCCB28D187A30032A7B0 /* Frameworks */ = {
			isa = PBXFrameworksBuildPhase;
			buildActionMask = 2147483647;
			files = (
				12CF472E42AC374CA72A4087 /* Pods_GitProfiles.framework in Frameworks */,
			);
			runOnlyForDeploymentPostprocessing = 0;
		};
		EC7DFCE428D187A50032A7B0 /* Frameworks */ = {
			isa = PBXFrameworksBuildPhase;
			buildActionMask = 2147483647;
			files = (
				8256E74AECFC7D3B87D8CA8E /* Pods_GitProfilesTests.framework in Frameworks */,
			);
			runOnlyForDeploymentPostprocessing = 0;
		};
		EC7DFCEE28D187A50032A7B0 /* Frameworks */ = {
			isa = PBXFrameworksBuildPhase;
			buildActionMask = 2147483647;
			files = (
				57DAA4D6597379968703D3ED /* Pods_GitProfiles_GitProfilesUITests.framework in Frameworks */,
			);
			runOnlyForDeploymentPostprocessing = 0;
		};
/* End PBXFrameworksBuildPhase section */

/* Begin PBXGroup section */
		8D919E96CE503C0D547004DA /* Pods */ = {
			isa = PBXGroup;
			children = (
				64196A3E4DCB0D2119BD90FE /* Pods-GitProfiles.debug.xcconfig */,
				11DCB45D2E1A82E7EF68C286 /* Pods-GitProfiles.release.xcconfig */,
				0CB7F277334870B7297A98C2 /* Pods-GitProfiles-GitProfilesUITests.debug.xcconfig */,
				02EDE5AF528D0724C3C83593 /* Pods-GitProfiles-GitProfilesUITests.release.xcconfig */,
				A061167B01B66A9CC1E52647 /* Pods-GitProfilesTests.debug.xcconfig */,
				ABC2FD32711292F213472D0F /* Pods-GitProfilesTests.release.xcconfig */,
			);
			path = Pods;
			sourceTree = "<group>";
		};
		EC7DFCC528D187A30032A7B0 = {
			isa = PBXGroup;
			children = (
				EC7DFCD028D187A30032A7B0 /* GitProfiles */,
				EC7DFCEA28D187A50032A7B0 /* GitProfilesTests */,
				EC7DFCF428D187A50032A7B0 /* GitProfilesUITests */,
				EC7DFCCF28D187A30032A7B0 /* Products */,
				8D919E96CE503C0D547004DA /* Pods */,
				FEF92399AD381B49DE6F1A03 /* Frameworks */,
			);
			sourceTree = "<group>";
		};
		EC7DFCCF28D187A30032A7B0 /* Products */ = {
			isa = PBXGroup;
			children = (
				EC7DFCCE28D187A30032A7B0 /* GitProfiles.app */,
				EC7DFCE728D187A50032A7B0 /* GitProfilesTests.xctest */,
				EC7DFCF128D187A50032A7B0 /* GitProfilesUITests.xctest */,
			);
			name = Products;
			sourceTree = "<group>";
		};
		EC7DFCD028D187A30032A7B0 /* GitProfiles */ = {
			isa = PBXGroup;
			children = (
				EC7DFD0428D189AF0032A7B0 /* Models */,
				EC7DFD0528D189C00032A7B0 /* ViewModels */,
				EC7DFD0628D189CF0032A7B0 /* ViewControllers */,
				EC7DFD2028D1AB680032A7B0 /* Networking */,
				EC7DFD0828D18A3A0032A7B0 /* Extensions */,
				EC7DFD0728D189D60032A7B0 /* Utils */,
				EC7DFCD128D187A30032A7B0 /* AppDelegate.swift */,
				EC7DFCD328D187A30032A7B0 /* SceneDelegate.swift */,
				EC7DFCD728D187A30032A7B0 /* Main.storyboard */,
				EC7DFCDD28D187A50032A7B0 /* Assets.xcassets */,
				EC7DFCDF28D187A50032A7B0 /* LaunchScreen.storyboard */,
				EC7DFCE228D187A50032A7B0 /* Info.plist */,
				EC7DFCDA28D187A30032A7B0 /* GitProfiles.xcdatamodeld */,
			);
			path = GitProfiles;
			sourceTree = "<group>";
		};
		EC7DFCEA28D187A50032A7B0 /* GitProfilesTests */ = {
			isa = PBXGroup;
			children = (
				EC7DFCEB28D187A50032A7B0 /* GitProfilesTests.swift */,
			);
			path = GitProfilesTests;
			sourceTree = "<group>";
		};
		EC7DFCF428D187A50032A7B0 /* GitProfilesUITests */ = {
			isa = PBXGroup;
			children = (
				EC7DFCF528D187A50032A7B0 /* GitProfilesUITests.swift */,
				EC7DFCF728D187A50032A7B0 /* GitProfilesUITestsLaunchTests.swift */,
			);
			path = GitProfilesUITests;
			sourceTree = "<group>";
		};
		EC7DFD0428D189AF0032A7B0 /* Models */ = {
			isa = PBXGroup;
			children = (
				EC7DFD2728D1ADD30032A7B0 /* User.swift */,
				EC7DFD2D28D28F8B0032A7B0 /* UserType.swift */,
			);
			path = Models;
			sourceTree = "<group>";
		};
		EC7DFD0528D189C00032A7B0 /* ViewModels */ = {
			isa = PBXGroup;
			children = (
				EC7DFD2528D1ADC10032A7B0 /* UserViewModel.swift */,
			);
			path = ViewModels;
			sourceTree = "<group>";
		};
		EC7DFD0628D189CF0032A7B0 /* ViewControllers */ = {
			isa = PBXGroup;
			children = (
				EC7DFD1828D19CA50032A7B0 /* ProfileViewController.swift */,
				EC7DFD1628D1995D0032A7B0 /* FollowersListViewController.swift */,
				EC7DFD1428D1994C0032A7B0 /* FollowingUserListViewController.swift */,
				EC7DFD0B28D18AC90032A7B0 /* HomeViewController.swift */,
				EC7DFD0D28D18BFC0032A7B0 /* Cells */,
			);
			path = ViewControllers;
			sourceTree = "<group>";
		};
		EC7DFD0728D189D60032A7B0 /* Utils */ = {
			isa = PBXGroup;
			children = (
				EC7DFD1C28D1A89F0032A7B0 /* Constants.swift */,
				EC7DFD1E28D1A9320032A7B0 /* CommonUtils.swift */,
			);
			path = Utils;
			sourceTree = "<group>";
		};
		EC7DFD0828D18A3A0032A7B0 /* Extensions */ = {
			isa = PBXGroup;
			children = (
				EC7DFD0928D18A470032A7B0 /* UIViewExtensions.swift */,
			);
			path = Extensions;
			sourceTree = "<group>";
		};
		EC7DFD0D28D18BFC0032A7B0 /* Cells */ = {
			isa = PBXGroup;
			children = (
				EC7DFD0E28D18C170032A7B0 /* HomeTableViewCell.swift */,
				EC7DFD1A28D19D500032A7B0 /* UserListTableViewCell.swift */,
				EC7DFD2F28D2B3FC0032A7B0 /* ProfileCell.swift */,
			);
			path = Cells;
			sourceTree = "<group>";
		};
		EC7DFD2028D1AB680032A7B0 /* Networking */ = {
			isa = PBXGroup;
			children = (
				EC7DFD2128D1AB7D0032A7B0 /* NetworkManager.swift */,
				EC7DFD2B28D283110032A7B0 /* URLEndpoint.swift */,
			);
			path = Networking;
			sourceTree = "<group>";
		};
		FEF92399AD381B49DE6F1A03 /* Frameworks */ = {
			isa = PBXGroup;
			children = (
				2B78BDDEB2D8D609A718F6E3 /* Pods_GitProfiles.framework */,
				4CB8FC2F77CD59E40BB48623 /* Pods_GitProfiles_GitProfilesUITests.framework */,
				2FC67C9FA79AE41D312F8B67 /* Pods_GitProfilesTests.framework */,
			);
			name = Frameworks;
			sourceTree = "<group>";
		};
/* End PBXGroup section */

/* Begin PBXNativeTarget section */
		EC7DFCCD28D187A30032A7B0 /* GitProfiles */ = {
			isa = PBXNativeTarget;
			buildConfigurationList = EC7DFCFB28D187A50032A7B0 /* Build configuration list for PBXNativeTarget "GitProfiles" */;
			buildPhases = (
				49FD3F7173C92BBC934FE049 /* [CP] Check Pods Manifest.lock */,
				EC7DFCCA28D187A30032A7B0 /* Sources */,
				EC7DFCCB28D187A30032A7B0 /* Frameworks */,
				EC7DFCCC28D187A30032A7B0 /* Resources */,
				7FD3734339C7EF0DB3D0E1B9 /* [CP] Embed Pods Frameworks */,
			);
			buildRules = (
			);
			dependencies = (
			);
			name = GitProfiles;
			productName = GitProfiles;
			productReference = EC7DFCCE28D187A30032A7B0 /* GitProfiles.app */;
			productType = "com.apple.product-type.application";
		};
		EC7DFCE628D187A50032A7B0 /* GitProfilesTests */ = {
			isa = PBXNativeTarget;
			buildConfigurationList = EC7DFCFE28D187A50032A7B0 /* Build configuration list for PBXNativeTarget "GitProfilesTests" */;
			buildPhases = (
				E2C9A3C6D6A899C574433C45 /* [CP] Check Pods Manifest.lock */,
				EC7DFCE328D187A50032A7B0 /* Sources */,
				EC7DFCE428D187A50032A7B0 /* Frameworks */,
				EC7DFCE528D187A50032A7B0 /* Resources */,
			);
			buildRules = (
			);
			dependencies = (
				EC7DFCE928D187A50032A7B0 /* PBXTargetDependency */,
			);
			name = GitProfilesTests;
			productName = GitProfilesTests;
			productReference = EC7DFCE728D187A50032A7B0 /* GitProfilesTests.xctest */;
			productType = "com.apple.product-type.bundle.unit-test";
		};
		EC7DFCF028D187A50032A7B0 /* GitProfilesUITests */ = {
			isa = PBXNativeTarget;
			buildConfigurationList = EC7DFD0128D187A50032A7B0 /* Build configuration list for PBXNativeTarget "GitProfilesUITests" */;
			buildPhases = (
				A2F4269B9EF31D9DFF75C517 /* [CP] Check Pods Manifest.lock */,
				EC7DFCED28D187A50032A7B0 /* Sources */,
				EC7DFCEE28D187A50032A7B0 /* Frameworks */,
				EC7DFCEF28D187A50032A7B0 /* Resources */,
				73906CEE35AADA0FF310D7F1 /* [CP] Embed Pods Frameworks */,
			);
			buildRules = (
			);
			dependencies = (
				EC7DFCF328D187A50032A7B0 /* PBXTargetDependency */,
			);
			name = GitProfilesUITests;
			productName = GitProfilesUITests;
			productReference = EC7DFCF128D187A50032A7B0 /* GitProfilesUITests.xctest */;
			productType = "com.apple.product-type.bundle.ui-testing";
		};
/* End PBXNativeTarget section */

/* Begin PBXProject section */
		EC7DFCC628D187A30032A7B0 /* Project object */ = {
			isa = PBXProject;
			attributes = {
				BuildIndependentTargetsInParallel = 1;
				LastSwiftUpdateCheck = 1340;
				LastUpgradeCheck = 1340;
				TargetAttributes = {
					EC7DFCCD28D187A30032A7B0 = {
						CreatedOnToolsVersion = 13.4.1;
					};
					EC7DFCE628D187A50032A7B0 = {
						CreatedOnToolsVersion = 13.4.1;
						TestTargetID = EC7DFCCD28D187A30032A7B0;
					};
					EC7DFCF028D187A50032A7B0 = {
						CreatedOnToolsVersion = 13.4.1;
						TestTargetID = EC7DFCCD28D187A30032A7B0;
					};
				};
			};
			buildConfigurationList = EC7DFCC928D187A30032A7B0 /* Build configuration list for PBXProject "GitProfiles" */;
			compatibilityVersion = "Xcode 13.0";
			developmentRegion = en;
			hasScannedForEncodings = 0;
			knownRegions = (
				en,
				Base,
			);
			mainGroup = EC7DFCC528D187A30032A7B0;
			productRefGroup = EC7DFCCF28D187A30032A7B0 /* Products */;
			projectDirPath = "";
			projectRoot = "";
			targets = (
				EC7DFCCD28D187A30032A7B0 /* GitProfiles */,
				EC7DFCE628D187A50032A7B0 /* GitProfilesTests */,
				EC7DFCF028D187A50032A7B0 /* GitProfilesUITests */,
			);
		};
/* End PBXProject section */

/* Begin PBXResourcesBuildPhase section */
		EC7DFCCC28D187A30032A7B0 /* Resources */ = {
			isa = PBXResourcesBuildPhase;
			buildActionMask = 2147483647;
			files = (
				EC7DFCE128D187A50032A7B0 /* LaunchScreen.storyboard in Resources */,
				EC7DFCDE28D187A50032A7B0 /* Assets.xcassets in Resources */,
				EC7DFCD928D187A30032A7B0 /* Main.storyboard in Resources */,
			);
			runOnlyForDeploymentPostprocessing = 0;
		};
		EC7DFCE528D187A50032A7B0 /* Resources */ = {
			isa = PBXResourcesBuildPhase;
			buildActionMask = 2147483647;
			files = (
			);
			runOnlyForDeploymentPostprocessing = 0;
		};
		EC7DFCEF28D187A50032A7B0 /* Resources */ = {
			isa = PBXResourcesBuildPhase;
			buildActionMask = 2147483647;
			files = (
			);
			runOnlyForDeploymentPostprocessing = 0;
		};
/* End PBXResourcesBuildPhase section */

/* Begin PBXShellScriptBuildPhase section */
		49FD3F7173C92BBC934FE049 /* [CP] Check Pods Manifest.lock */ = {
			isa = PBXShellScriptBuildPhase;
			buildActionMask = 2147483647;
			files = (
			);
			inputFileListPaths = (
			);
			inputPaths = (
				"${PODS_PODFILE_DIR_PATH}/Podfile.lock",
				"${PODS_ROOT}/Manifest.lock",
			);
			name = "[CP] Check Pods Manifest.lock";
			outputFileListPaths = (
			);
			outputPaths = (
				"$(DERIVED_FILE_DIR)/Pods-GitProfiles-checkManifestLockResult.txt",
			);
			runOnlyForDeploymentPostprocessing = 0;
			shellPath = /bin/sh;
			shellScript = "diff \"${PODS_PODFILE_DIR_PATH}/Podfile.lock\" \"${PODS_ROOT}/Manifest.lock\" > /dev/null\nif [ $? != 0 ] ; then\n    # print error to STDERR\n    echo \"error: The sandbox is not in sync with the Podfile.lock. Run 'pod install' or update your CocoaPods installation.\" >&2\n    exit 1\nfi\n# This output is used by Xcode 'outputs' to avoid re-running this script phase.\necho \"SUCCESS\" > \"${SCRIPT_OUTPUT_FILE_0}\"\n";
			showEnvVarsInLog = 0;
		};
		73906CEE35AADA0FF310D7F1 /* [CP] Embed Pods Frameworks */ = {
			isa = PBXShellScriptBuildPhase;
			buildActionMask = 2147483647;
			files = (
			);
			inputFileListPaths = (
				"${PODS_ROOT}/Target Support Files/Pods-GitProfiles-GitProfilesUITests/Pods-GitProfiles-GitProfilesUITests-frameworks-${CONFIGURATION}-input-files.xcfilelist",
			);
			name = "[CP] Embed Pods Frameworks";
			outputFileListPaths = (
				"${PODS_ROOT}/Target Support Files/Pods-GitProfiles-GitProfilesUITests/Pods-GitProfiles-GitProfilesUITests-frameworks-${CONFIGURATION}-output-files.xcfilelist",
			);
			runOnlyForDeploymentPostprocessing = 0;
			shellPath = /bin/sh;
			shellScript = "\"${PODS_ROOT}/Target Support Files/Pods-GitProfiles-GitProfilesUITests/Pods-GitProfiles-GitProfilesUITests-frameworks.sh\"\n";
			showEnvVarsInLog = 0;
		};
		7FD3734339C7EF0DB3D0E1B9 /* [CP] Embed Pods Frameworks */ = {
			isa = PBXShellScriptBuildPhase;
			buildActionMask = 2147483647;
			files = (
			);
			inputFileListPaths = (
				"${PODS_ROOT}/Target Support Files/Pods-GitProfiles/Pods-GitProfiles-frameworks-${CONFIGURATION}-input-files.xcfilelist",
			);
			name = "[CP] Embed Pods Frameworks";
			outputFileListPaths = (
				"${PODS_ROOT}/Target Support Files/Pods-GitProfiles/Pods-GitProfiles-frameworks-${CONFIGURATION}-output-files.xcfilelist",
			);
			runOnlyForDeploymentPostprocessing = 0;
			shellPath = /bin/sh;
			shellScript = "\"${PODS_ROOT}/Target Support Files/Pods-GitProfiles/Pods-GitProfiles-frameworks.sh\"\n";
			showEnvVarsInLog = 0;
		};
		A2F4269B9EF31D9DFF75C517 /* [CP] Check Pods Manifest.lock */ = {
			isa = PBXShellScriptBuildPhase;
			buildActionMask = 2147483647;
			files = (
			);
			inputFileListPaths = (
			);
			inputPaths = (
				"${PODS_PODFILE_DIR_PATH}/Podfile.lock",
				"${PODS_ROOT}/Manifest.lock",
			);
			name = "[CP] Check Pods Manifest.lock";
			outputFileListPaths = (
			);
			outputPaths = (
				"$(DERIVED_FILE_DIR)/Pods-GitProfiles-GitProfilesUITests-checkManifestLockResult.txt",
			);
			runOnlyForDeploymentPostprocessing = 0;
			shellPath = /bin/sh;
			shellScript = "diff \"${PODS_PODFILE_DIR_PATH}/Podfile.lock\" \"${PODS_ROOT}/Manifest.lock\" > /dev/null\nif [ $? != 0 ] ; then\n    # print error to STDERR\n    echo \"error: The sandbox is not in sync with the Podfile.lock. Run 'pod install' or update your CocoaPods installation.\" >&2\n    exit 1\nfi\n# This output is used by Xcode 'outputs' to avoid re-running this script phase.\necho \"SUCCESS\" > \"${SCRIPT_OUTPUT_FILE_0}\"\n";
			showEnvVarsInLog = 0;
		};
		E2C9A3C6D6A899C574433C45 /* [CP] Check Pods Manifest.lock */ = {
			isa = PBXShellScriptBuildPhase;
			buildActionMask = 2147483647;
			files = (
			);
			inputFileListPaths = (
			);
			inputPaths = (
				"${PODS_PODFILE_DIR_PATH}/Podfile.lock",
				"${PODS_ROOT}/Manifest.lock",
			);
			name = "[CP] Check Pods Manifest.lock";
			outputFileListPaths = (
			);
			outputPaths = (
				"$(DERIVED_FILE_DIR)/Pods-GitProfilesTests-checkManifestLockResult.txt",
			);
			runOnlyForDeploymentPostprocessing = 0;
			shellPath = /bin/sh;
			shellScript = "diff \"${PODS_PODFILE_DIR_PATH}/Podfile.lock\" \"${PODS_ROOT}/Manifest.lock\" > /dev/null\nif [ $? != 0 ] ; then\n    # print error to STDERR\n    echo \"error: The sandbox is not in sync with the Podfile.lock. Run 'pod install' or update your CocoaPods installation.\" >&2\n    exit 1\nfi\n# This output is used by Xcode 'outputs' to avoid re-running this script phase.\necho \"SUCCESS\" > \"${SCRIPT_OUTPUT_FILE_0}\"\n";
			showEnvVarsInLog = 0;
		};
/* End PBXShellScriptBuildPhase section */

/* Begin PBXSourcesBuildPhase section */
		EC7DFCCA28D187A30032A7B0 /* Sources */ = {
			isa = PBXSourcesBuildPhase;
			buildActionMask = 2147483647;
			files = (
				EC7DFD1B28D19D500032A7B0 /* UserListTableViewCell.swift in Sources */,
				EC7DFD1D28D1A89F0032A7B0 /* Constants.swift in Sources */,
				EC7DFD1028D18C170032A7B0 /* HomeTableViewCell.swift in Sources */,
				EC7DFD2228D1AB7D0032A7B0 /* NetworkManager.swift in Sources */,
				EC7DFD2828D1ADD30032A7B0 /* User.swift in Sources */,
				EC7DFD0C28D18AC90032A7B0 /* HomeViewController.swift in Sources */,
				EC7DFCDC28D187A30032A7B0 /* GitProfiles.xcdatamodeld in Sources */,
				EC7DFCD228D187A30032A7B0 /* AppDelegate.swift in Sources */,
				EC7DFD1728D1995D0032A7B0 /* FollowersListViewController.swift in Sources */,
				EC7DFD0A28D18A470032A7B0 /* UIViewExtensions.swift in Sources */,
				EC7DFD1928D19CA50032A7B0 /* ProfileViewController.swift in Sources */,
				EC7DFD1528D1994C0032A7B0 /* FollowingUserListViewController.swift in Sources */,
				EC7DFD1F28D1A9320032A7B0 /* CommonUtils.swift in Sources */,
				EC7DFD2E28D28F8B0032A7B0 /* UserType.swift in Sources */,
				EC7DFD2628D1ADC10032A7B0 /* UserViewModel.swift in Sources */,
				EC7DFD3028D2B3FC0032A7B0 /* ProfileCell.swift in Sources */,
				EC7DFD2C28D283110032A7B0 /* URLEndpoint.swift in Sources */,
				EC7DFCD428D187A30032A7B0 /* SceneDelegate.swift in Sources */,
			);
			runOnlyForDeploymentPostprocessing = 0;
		};
		EC7DFCE328D187A50032A7B0 /* Sources */ = {
			isa = PBXSourcesBuildPhase;
			buildActionMask = 2147483647;
			files = (
				EC7DFCEC28D187A50032A7B0 /* GitProfilesTests.swift in Sources */,
			);
			runOnlyForDeploymentPostprocessing = 0;
		};
		EC7DFCED28D187A50032A7B0 /* Sources */ = {
			isa = PBXSourcesBuildPhase;
			buildActionMask = 2147483647;
			files = (
				EC7DFCF628D187A50032A7B0 /* GitProfilesUITests.swift in Sources */,
				EC7DFCF828D187A50032A7B0 /* GitProfilesUITestsLaunchTests.swift in Sources */,
			);
			runOnlyForDeploymentPostprocessing = 0;
		};
/* End PBXSourcesBuildPhase section */

/* Begin PBXTargetDependency section */
		EC7DFCE928D187A50032A7B0 /* PBXTargetDependency */ = {
			isa = PBXTargetDependency;
			target = EC7DFCCD28D187A30032A7B0 /* GitProfiles */;
			targetProxy = EC7DFCE828D187A50032A7B0 /* PBXContainerItemProxy */;
		};
		EC7DFCF328D187A50032A7B0 /* PBXTargetDependency */ = {
			isa = PBXTargetDependency;
			target = EC7DFCCD28D187A30032A7B0 /* GitProfiles */;
			targetProxy = EC7DFCF228D187A50032A7B0 /* PBXContainerItemProxy */;
		};
/* End PBXTargetDependency section */

/* Begin PBXVariantGroup section */
		EC7DFCD728D187A30032A7B0 /* Main.storyboard */ = {
			isa = PBXVariantGroup;
			children = (
				EC7DFCD828D187A30032A7B0 /* Base */,
			);
			name = Main.storyboard;
			sourceTree = "<group>";
		};
		EC7DFCDF28D187A50032A7B0 /* LaunchScreen.storyboard */ = {
			isa = PBXVariantGroup;
			children = (
				EC7DFCE028D187A50032A7B0 /* Base */,
			);
			name = LaunchScreen.storyboard;
			sourceTree = "<group>";
		};
/* End PBXVariantGroup section */

/* Begin XCBuildConfiguration section */
		EC7DFCF928D187A50032A7B0 /* Debug */ = {
			isa = XCBuildConfiguration;
			buildSettings = {
				ALWAYS_SEARCH_USER_PATHS = NO;
				CLANG_ANALYZER_NONNULL = YES;
				CLANG_ANALYZER_NUMBER_OBJECT_CONVERSION = YES_AGGRESSIVE;
				CLANG_CXX_LANGUAGE_STANDARD = "gnu++17";
				CLANG_ENABLE_MODULES = YES;
				CLANG_ENABLE_OBJC_ARC = YES;
				CLANG_ENABLE_OBJC_WEAK = YES;
				CLANG_WARN_BLOCK_CAPTURE_AUTORELEASING = YES;
				CLANG_WARN_BOOL_CONVERSION = YES;
				CLANG_WARN_COMMA = YES;
				CLANG_WARN_CONSTANT_CONVERSION = YES;
				CLANG_WARN_DEPRECATED_OBJC_IMPLEMENTATIONS = YES;
				CLANG_WARN_DIRECT_OBJC_ISA_USAGE = YES_ERROR;
				CLANG_WARN_DOCUMENTATION_COMMENTS = YES;
				CLANG_WARN_EMPTY_BODY = YES;
				CLANG_WARN_ENUM_CONVERSION = YES;
				CLANG_WARN_INFINITE_RECURSION = YES;
				CLANG_WARN_INT_CONVERSION = YES;
				CLANG_WARN_NON_LITERAL_NULL_CONVERSION = YES;
				CLANG_WARN_OBJC_IMPLICIT_RETAIN_SELF = YES;
				CLANG_WARN_OBJC_LITERAL_CONVERSION = YES;
				CLANG_WARN_OBJC_ROOT_CLASS = YES_ERROR;
				CLANG_WARN_QUOTED_INCLUDE_IN_FRAMEWORK_HEADER = YES;
				CLANG_WARN_RANGE_LOOP_ANALYSIS = YES;
				CLANG_WARN_STRICT_PROTOTYPES = YES;
				CLANG_WARN_SUSPICIOUS_MOVE = YES;
				CLANG_WARN_UNGUARDED_AVAILABILITY = YES_AGGRESSIVE;
				CLANG_WARN_UNREACHABLE_CODE = YES;
				CLANG_WARN__DUPLICATE_METHOD_MATCH = YES;
				COPY_PHASE_STRIP = NO;
				DEBUG_INFORMATION_FORMAT = dwarf;
				ENABLE_STRICT_OBJC_MSGSEND = YES;
				ENABLE_TESTABILITY = YES;
				GCC_C_LANGUAGE_STANDARD = gnu11;
				GCC_DYNAMIC_NO_PIC = NO;
				GCC_NO_COMMON_BLOCKS = YES;
				GCC_OPTIMIZATION_LEVEL = 0;
				GCC_PREPROCESSOR_DEFINITIONS = (
					"DEBUG=1",
					"$(inherited)",
				);
				GCC_WARN_64_TO_32_BIT_CONVERSION = YES;
				GCC_WARN_ABOUT_RETURN_TYPE = YES_ERROR;
				GCC_WARN_UNDECLARED_SELECTOR = YES;
				GCC_WARN_UNINITIALIZED_AUTOS = YES_AGGRESSIVE;
				GCC_WARN_UNUSED_FUNCTION = YES;
				GCC_WARN_UNUSED_VARIABLE = YES;
				IPHONEOS_DEPLOYMENT_TARGET = 15.5;
				MTL_ENABLE_DEBUG_INFO = INCLUDE_SOURCE;
				MTL_FAST_MATH = YES;
				ONLY_ACTIVE_ARCH = YES;
				SDKROOT = iphoneos;
				SWIFT_ACTIVE_COMPILATION_CONDITIONS = DEBUG;
				SWIFT_OPTIMIZATION_LEVEL = "-Onone";
			};
			name = Debug;
		};
		EC7DFCFA28D187A50032A7B0 /* Release */ = {
			isa = XCBuildConfiguration;
			buildSettings = {
				ALWAYS_SEARCH_USER_PATHS = NO;
				CLANG_ANALYZER_NONNULL = YES;
				CLANG_ANALYZER_NUMBER_OBJECT_CONVERSION = YES_AGGRESSIVE;
				CLANG_CXX_LANGUAGE_STANDARD = "gnu++17";
				CLANG_ENABLE_MODULES = YES;
				CLANG_ENABLE_OBJC_ARC = YES;
				CLANG_ENABLE_OBJC_WEAK = YES;
				CLANG_WARN_BLOCK_CAPTURE_AUTORELEASING = YES;
				CLANG_WARN_BOOL_CONVERSION = YES;
				CLANG_WARN_COMMA = YES;
				CLANG_WARN_CONSTANT_CONVERSION = YES;
				CLANG_WARN_DEPRECATED_OBJC_IMPLEMENTATIONS = YES;
				CLANG_WARN_DIRECT_OBJC_ISA_USAGE = YES_ERROR;
				CLANG_WARN_DOCUMENTATION_COMMENTS = YES;
				CLANG_WARN_EMPTY_BODY = YES;
				CLANG_WARN_ENUM_CONVERSION = YES;
				CLANG_WARN_INFINITE_RECURSION = YES;
				CLANG_WARN_INT_CONVERSION = YES;
				CLANG_WARN_NON_LITERAL_NULL_CONVERSION = YES;
				CLANG_WARN_OBJC_IMPLICIT_RETAIN_SELF = YES;
				CLANG_WARN_OBJC_LITERAL_CONVERSION = YES;
				CLANG_WARN_OBJC_ROOT_CLASS = YES_ERROR;
				CLANG_WARN_QUOTED_INCLUDE_IN_FRAMEWORK_HEADER = YES;
				CLANG_WARN_RANGE_LOOP_ANALYSIS = YES;
				CLANG_WARN_STRICT_PROTOTYPES = YES;
				CLANG_WARN_SUSPICIOUS_MOVE = YES;
				CLANG_WARN_UNGUARDED_AVAILABILITY = YES_AGGRESSIVE;
				CLANG_WARN_UNREACHABLE_CODE = YES;
				CLANG_WARN__DUPLICATE_METHOD_MATCH = YES;
				COPY_PHASE_STRIP = NO;
				DEBUG_INFORMATION_FORMAT = "dwarf-with-dsym";
				ENABLE_NS_ASSERTIONS = NO;
				ENABLE_STRICT_OBJC_MSGSEND = YES;
				GCC_C_LANGUAGE_STANDARD = gnu11;
				GCC_NO_COMMON_BLOCKS = YES;
				GCC_WARN_64_TO_32_BIT_CONVERSION = YES;
				GCC_WARN_ABOUT_RETURN_TYPE = YES_ERROR;
				GCC_WARN_UNDECLARED_SELECTOR = YES;
				GCC_WARN_UNINITIALIZED_AUTOS = YES_AGGRESSIVE;
				GCC_WARN_UNUSED_FUNCTION = YES;
				GCC_WARN_UNUSED_VARIABLE = YES;
				IPHONEOS_DEPLOYMENT_TARGET = 15.5;
				MTL_ENABLE_DEBUG_INFO = NO;
				MTL_FAST_MATH = YES;
				SDKROOT = iphoneos;
				SWIFT_COMPILATION_MODE = wholemodule;
				SWIFT_OPTIMIZATION_LEVEL = "-O";
				VALIDATE_PRODUCT = YES;
			};
			name = Release;
		};
		EC7DFCFC28D187A50032A7B0 /* Debug */ = {
			isa = XCBuildConfiguration;
			baseConfigurationReference = 64196A3E4DCB0D2119BD90FE /* Pods-GitProfiles.debug.xcconfig */;
			buildSettings = {
				ASSETCATALOG_COMPILER_APPICON_NAME = AppIcon;
				ASSETCATALOG_COMPILER_GLOBAL_ACCENT_COLOR_NAME = AccentColor;
				CODE_SIGN_STYLE = Automatic;
				CURRENT_PROJECT_VERSION = 1;
				GENERATE_INFOPLIST_FILE = YES;
				INFOPLIST_FILE = GitProfiles/Info.plist;
				INFOPLIST_KEY_UIApplicationSupportsIndirectInputEvents = YES;
				INFOPLIST_KEY_UILaunchStoryboardName = LaunchScreen;
				INFOPLIST_KEY_UIMainStoryboardFile = Main;
				INFOPLIST_KEY_UISupportedInterfaceOrientations_iPad = "UIInterfaceOrientationPortrait UIInterfaceOrientationPortraitUpsideDown UIInterfaceOrientationLandscapeLeft UIInterfaceOrientationLandscapeRight";
				INFOPLIST_KEY_UISupportedInterfaceOrientations_iPhone = "UIInterfaceOrientationPortrait UIInterfaceOrientationLandscapeLeft UIInterfaceOrientationLandscapeRight";
				LD_RUNPATH_SEARCH_PATHS = (
					"$(inherited)",
					"@executable_path/Frameworks",
				);
				MARKETING_VERSION = 1.0;
				PRODUCT_BUNDLE_IDENTIFIER = com.gitprofilescom.GitProfiles;
				PRODUCT_NAME = "$(TARGET_NAME)";
				SWIFT_EMIT_LOC_STRINGS = YES;
				SWIFT_VERSION = 5.0;
				TARGETED_DEVICE_FAMILY = "1,2";
			};
			name = Debug;
		};
		EC7DFCFD28D187A50032A7B0 /* Release */ = {
			isa = XCBuildConfiguration;
			baseConfigurationReference = 11DCB45D2E1A82E7EF68C286 /* Pods-GitProfiles.release.xcconfig */;
			buildSettings = {
				ASSETCATALOG_COMPILER_APPICON_NAME = AppIcon;
				ASSETCATALOG_COMPILER_GLOBAL_ACCENT_COLOR_NAME = AccentColor;
				CODE_SIGN_STYLE = Automatic;
				CURRENT_PROJECT_VERSION = 1;
				GENERATE_INFOPLIST_FILE = YES;
				INFOPLIST_FILE = GitProfiles/Info.plist;
				INFOPLIST_KEY_UIApplicationSupportsIndirectInputEvents = YES;
				INFOPLIST_KEY_UILaunchStoryboardName = LaunchScreen;
				INFOPLIST_KEY_UIMainStoryboardFile = Main;
				INFOPLIST_KEY_UISupportedInterfaceOrientations_iPad = "UIInterfaceOrientationPortrait UIInterfaceOrientationPortraitUpsideDown UIInterfaceOrientationLandscapeLeft UIInterfaceOrientationLandscapeRight";
				INFOPLIST_KEY_UISupportedInterfaceOrientations_iPhone = "UIInterfaceOrientationPortrait UIInterfaceOrientationLandscapeLeft UIInterfaceOrientationLandscapeRight";
				LD_RUNPATH_SEARCH_PATHS = (
					"$(inherited)",
					"@executable_path/Frameworks",
				);
				MARKETING_VERSION = 1.0;
				PRODUCT_BUNDLE_IDENTIFIER = com.gitprofilescom.GitProfiles;
				PRODUCT_NAME = "$(TARGET_NAME)";
				SWIFT_EMIT_LOC_STRINGS = YES;
				SWIFT_VERSION = 5.0;
				TARGETED_DEVICE_FAMILY = "1,2";
			};
			name = Release;
		};
		EC7DFCFF28D187A50032A7B0 /* Debug */ = {
			isa = XCBuildConfiguration;
			baseConfigurationReference = A061167B01B66A9CC1E52647 /* Pods-GitProfilesTests.debug.xcconfig */;
			buildSettings = {
				ALWAYS_EMBED_SWIFT_STANDARD_LIBRARIES = YES;
				BUNDLE_LOADER = "$(TEST_HOST)";
				CODE_SIGN_STYLE = Automatic;
				CURRENT_PROJECT_VERSION = 1;
				GENERATE_INFOPLIST_FILE = YES;
				IPHONEOS_DEPLOYMENT_TARGET = 15.5;
				MARKETING_VERSION = 1.0;
				PRODUCT_BUNDLE_IDENTIFIER = com.gitprofilescom.GitProfilesTests;
				PRODUCT_NAME = "$(TARGET_NAME)";
				SWIFT_EMIT_LOC_STRINGS = NO;
				SWIFT_VERSION = 5.0;
				TARGETED_DEVICE_FAMILY = "1,2";
				TEST_HOST = "$(BUILT_PRODUCTS_DIR)/GitProfiles.app/GitProfiles";
			};
			name = Debug;
		};
		EC7DFD0028D187A50032A7B0 /* Release */ = {
			isa = XCBuildConfiguration;
			baseConfigurationReference = ABC2FD32711292F213472D0F /* Pods-GitProfilesTests.release.xcconfig */;
			buildSettings = {
				ALWAYS_EMBED_SWIFT_STANDARD_LIBRARIES = YES;
				BUNDLE_LOADER = "$(TEST_HOST)";
				CODE_SIGN_STYLE = Automatic;
				CURRENT_PROJECT_VERSION = 1;
				GENERATE_INFOPLIST_FILE = YES;
				IPHONEOS_DEPLOYMENT_TARGET = 15.5;
				MARKETING_VERSION = 1.0;
				PRODUCT_BUNDLE_IDENTIFIER = com.gitprofilescom.GitProfilesTests;
				PRODUCT_NAME = "$(TARGET_NAME)";
				SWIFT_EMIT_LOC_STRINGS = NO;
				SWIFT_VERSION = 5.0;
				TARGETED_DEVICE_FAMILY = "1,2";
				TEST_HOST = "$(BUILT_PRODUCTS_DIR)/GitProfiles.app/GitProfiles";
			};
			name = Release;
		};
		EC7DFD0228D187A50032A7B0 /* Debug */ = {
			isa = XCBuildConfiguration;
			baseConfigurationReference = 0CB7F277334870B7297A98C2 /* Pods-GitProfiles-GitProfilesUITests.debug.xcconfig */;
			buildSettings = {
				ALWAYS_EMBED_SWIFT_STANDARD_LIBRARIES = YES;
				CODE_SIGN_STYLE = Automatic;
				CURRENT_PROJECT_VERSION = 1;
				GENERATE_INFOPLIST_FILE = YES;
				MARKETING_VERSION = 1.0;
				PRODUCT_BUNDLE_IDENTIFIER = com.gitprofilescom.GitProfilesUITests;
				PRODUCT_NAME = "$(TARGET_NAME)";
				SWIFT_EMIT_LOC_STRINGS = NO;
				SWIFT_VERSION = 5.0;
				TARGETED_DEVICE_FAMILY = "1,2";
				TEST_TARGET_NAME = GitProfiles;
			};
			name = Debug;
		};
		EC7DFD0328D187A50032A7B0 /* Release */ = {
			isa = XCBuildConfiguration;
			baseConfigurationReference = 02EDE5AF528D0724C3C83593 /* Pods-GitProfiles-GitProfilesUITests.release.xcconfig */;
			buildSettings = {
				ALWAYS_EMBED_SWIFT_STANDARD_LIBRARIES = YES;
				CODE_SIGN_STYLE = Automatic;
				CURRENT_PROJECT_VERSION = 1;
				GENERATE_INFOPLIST_FILE = YES;
				MARKETING_VERSION = 1.0;
				PRODUCT_BUNDLE_IDENTIFIER = com.gitprofilescom.GitProfilesUITests;
				PRODUCT_NAME = "$(TARGET_NAME)";
				SWIFT_EMIT_LOC_STRINGS = NO;
				SWIFT_VERSION = 5.0;
				TARGETED_DEVICE_FAMILY = "1,2";
				TEST_TARGET_NAME = GitProfiles;
			};
			name = Release;
		};
/* End XCBuildConfiguration section */

/* Begin XCConfigurationList section */
		EC7DFCC928D187A30032A7B0 /* Build configuration list for PBXProject "GitProfiles" */ = {
			isa = XCConfigurationList;
			buildConfigurations = (
				EC7DFCF928D187A50032A7B0 /* Debug */,
				EC7DFCFA28D187A50032A7B0 /* Release */,
			);
			defaultConfigurationIsVisible = 0;
			defaultConfigurationName = Release;
		};
		EC7DFCFB28D187A50032A7B0 /* Build configuration list for PBXNativeTarget "GitProfiles" */ = {
			isa = XCConfigurationList;
			buildConfigurations = (
				EC7DFCFC28D187A50032A7B0 /* Debug */,
				EC7DFCFD28D187A50032A7B0 /* Release */,
			);
			defaultConfigurationIsVisible = 0;
			defaultConfigurationName = Release;
		};
		EC7DFCFE28D187A50032A7B0 /* Build configuration list for PBXNativeTarget "GitProfilesTests" */ = {
			isa = XCConfigurationList;
			buildConfigurations = (
				EC7DFCFF28D187A50032A7B0 /* Debug */,
				EC7DFD0028D187A50032A7B0 /* Release */,
			);
			defaultConfigurationIsVisible = 0;
			defaultConfigurationName = Release;
		};
		EC7DFD0128D187A50032A7B0 /* Build configuration list for PBXNativeTarget "GitProfilesUITests" */ = {
			isa = XCConfigurationList;
			buildConfigurations = (
				EC7DFD0228D187A50032A7B0 /* Debug */,
				EC7DFD0328D187A50032A7B0 /* Release */,
			);
			defaultConfigurationIsVisible = 0;
			defaultConfigurationName = Release;
		};
/* End XCConfigurationList section */

/* Begin XCVersionGroup section */
		EC7DFCDA28D187A30032A7B0 /* GitProfiles.xcdatamodeld */ = {
			isa = XCVersionGroup;
			children = (
				EC7DFCDB28D187A30032A7B0 /* GitProfiles.xcdatamodel */,
			);
			currentVersion = EC7DFCDB28D187A30032A7B0 /* GitProfiles.xcdatamodel */;
			path = GitProfiles.xcdatamodeld;
			sourceTree = "<group>";
			versionGroupType = wrapper.xcdatamodel;
		};
/* End XCVersionGroup section */
	};
	rootObject = EC7DFCC628D187A30032A7B0 /* Project object */;
}
